{
  "version": "3",
  "packages": {
    "specifiers": {
      "jsr:@denosaurs/plug@1.0.5": "jsr:@denosaurs/plug@1.0.5",
      "jsr:@gfx/canvas@0.5.6": "jsr:@gfx/canvas@0.5.6",
      "jsr:@mutefish/deno-assets-module@0.0.4": "jsr:@mutefish/deno-assets-module@0.0.4",
      "jsr:@mutefish/gamepad-api": "jsr:@mutefish/gamepad-api@0.0.2",
      "jsr:@std/assert@^0.214.0": "jsr:@std/assert@0.214.0",
      "jsr:@std/assert@^0.217.0": "jsr:@std/assert@0.217.0",
      "jsr:@std/encoding@0.214": "jsr:@std/encoding@0.214.0",
      "jsr:@std/encoding@0.217.0": "jsr:@std/encoding@0.217.0",
      "jsr:@std/encoding@1": "jsr:@std/encoding@1.0.5",
      "jsr:@std/fmt@0.214": "jsr:@std/fmt@0.214.0",
      "jsr:@std/fs@0.214": "jsr:@std/fs@0.214.0",
      "jsr:@std/fs@0.217.0": "jsr:@std/fs@0.217.0",
      "jsr:@std/path@0.214": "jsr:@std/path@0.214.0",
      "jsr:@std/path@0.217.0": "jsr:@std/path@0.217.0",
      "jsr:@std/path@^0.214.0": "jsr:@std/path@0.214.0",
      "jsr:@std/path@^0.217.0": "jsr:@std/path@0.217.0",
      "jsr:@zip-js/zip-js@2.7.48": "jsr:@zip-js/zip-js@2.7.48"
    },
    "jsr": {
      "@denosaurs/plug@1.0.5": {
        "integrity": "04cd988da558adc226202d88c3a434d5fcc08146eaf4baf0cea0c2284b16d2bf",
        "dependencies": [
          "jsr:@std/encoding@0.214",
          "jsr:@std/fmt@0.214",
          "jsr:@std/fs@0.214",
          "jsr:@std/path@0.214"
        ]
      },
      "@gfx/canvas@0.5.6": {
        "integrity": "4f34b91daca182fb422e308692a5fa54c2f638d2e46c587a3974c1f9233407d1",
        "dependencies": [
          "jsr:@denosaurs/plug@1.0.5",
          "jsr:@std/encoding@0.217.0",
          "jsr:@std/fs@0.217.0",
          "jsr:@std/path@0.217.0"
        ]
      },
      "@mutefish/deno-assets-module@0.0.4": {
        "integrity": "f5ba7db80dbc13e415f90dbfd2144eae125ed5efb1c084df4688fb90d79330d7",
        "dependencies": [
          "jsr:@zip-js/zip-js@2.7.48"
        ]
      },
      "@mutefish/gamepad-api@0.0.2": {
        "integrity": "931e3e8865f23cd802a9a4fe587f9d8c8bff1cb14a26d1b90dfc48382b28b92e",
        "dependencies": [
          "jsr:@std/encoding@1"
        ]
      },
      "@mutefish/web-audio-api@0.1.4": {
        "integrity": "1f86535ca81e7d032b24732f5cb2d9218f670eabc45d48635c6ac60eabccea45",
        "dependencies": [
          "jsr:@mutefish/deno-assets-module@0.0.4",
          "jsr:@std/encoding@1"
        ]
      },
      "@std/assert@0.214.0": {
        "integrity": "55d398de76a9828fd3b1aa653f4dba3eee4c6985d90c514865d2be9bd082b140"
      },
      "@std/assert@0.217.0": {
        "integrity": "c98e279362ca6982d5285c3b89517b757c1e3477ee9f14eb2fdf80a45aaa9642"
      },
      "@std/encoding@0.214.0": {
        "integrity": "30a8713e1db22986c7e780555ffd2fefd1d4f9374d734bb41f5970f6c3352af5"
      },
      "@std/encoding@0.217.0": {
        "integrity": "b03e8ff94c98d6b6a02c02c5cf8e5d203400155516248964fc4559abc04669dc"
      },
      "@std/encoding@1.0.5": {
        "integrity": "ecf363d4fc25bd85bd915ff6733a7e79b67e0e7806334af15f4645c569fefc04"
      },
      "@std/fmt@0.214.0": {
        "integrity": "40382cff88a0783b347b4d69b94cf931ab8e549a733916718cb866c08efac4d4"
      },
      "@std/fs@0.214.0": {
        "integrity": "bc880fea0be120cb1550b1ed7faf92fe071003d83f2456a1e129b39193d85bea",
        "dependencies": [
          "jsr:@std/assert@^0.214.0",
          "jsr:@std/path@^0.214.0"
        ]
      },
      "@std/fs@0.217.0": {
        "integrity": "0bfff5f3618d68c385b28b4ffbf3a15c98293a0f1186444458b62e0111ce77b2",
        "dependencies": [
          "jsr:@std/assert@^0.217.0",
          "jsr:@std/path@^0.217.0"
        ]
      },
      "@std/path@0.214.0": {
        "integrity": "d5577c0b8d66f7e8e3586d864ebdf178bb326145a3611da5a51c961740300285",
        "dependencies": [
          "jsr:@std/assert@^0.214.0"
        ]
      },
      "@std/path@0.217.0": {
        "integrity": "1217cc25534bca9a2f672d7fe7c6f356e4027df400c0e85c0ef3e4343bc67d11",
        "dependencies": [
          "jsr:@std/assert@^0.217.0"
        ]
      },
      "@zip-js/zip-js@2.7.48": {
        "integrity": "652809664ae9b25ea7d81c5a9fc1447f4fe70446578b5424ce4531d881d89d0f"
      }
    }
  },
  "remote": {
    "https://deno.land/std@0.212.0/encoding/_util.ts": "beacef316c1255da9bc8e95afb1fa56ed69baef919c88dc06ae6cb7a6103d376",
    "https://deno.land/std@0.212.0/encoding/base64.ts": "0ec6d6e6b68fc38f6396277e5184bcd47c1a9db0222fd0b563487eb67e352741",
    "https://deno.land/std@0.97.0/_util/assert.ts": "2f868145a042a11d5ad0a3c748dcf580add8a0dbc0e876eaa0026303a5488f58",
    "https://deno.land/std@0.97.0/_util/os.ts": "e282950a0eaa96760c0cf11e7463e66babd15ec9157d4c9ed49cc0925686f6a7",
    "https://deno.land/std@0.97.0/encoding/base64.ts": "eecae390f1f1d1cae6f6c6d732ede5276bf4b9cd29b1d281678c054dc5cc009e",
    "https://deno.land/std@0.97.0/encoding/hex.ts": "f952e0727bddb3b2fd2e6889d104eacbd62e92091f540ebd6459317a61932d9b",
    "https://deno.land/std@0.97.0/fs/_util.ts": "f2ce811350236ea8c28450ed822a5f42a0892316515b1cd61321dec13569c56b",
    "https://deno.land/std@0.97.0/fs/ensure_dir.ts": "b7c103dc41a3d1dbbb522bf183c519c37065fdc234831a4a0f7d671b1ed5fea7",
    "https://deno.land/std@0.97.0/fs/exists.ts": "b0d2e31654819cc2a8d37df45d6b14686c0cc1d802e9ff09e902a63e98b85a00",
    "https://deno.land/std@0.97.0/hash/_wasm/hash.ts": "cb6ad1ab429f8ac9d6eae48f3286e08236d662e1a2e5cfd681ba1c0f17375895",
    "https://deno.land/std@0.97.0/hash/_wasm/wasm.js": "94b1b997ae6fb4e6d2156bcea8f79cfcd1e512a91252b08800a92071e5e84e1a",
    "https://deno.land/std@0.97.0/hash/mod.ts": "5d032bd34186cda2f8d17fc122d621430953a6030d4b3f11172004715e3e2441",
    "https://deno.land/std@0.97.0/path/_constants.ts": "1247fee4a79b70c89f23499691ef169b41b6ccf01887a0abd131009c5581b853",
    "https://deno.land/std@0.97.0/path/_interface.ts": "1fa73b02aaa24867e481a48492b44f2598cd9dfa513c7b34001437007d3642e4",
    "https://deno.land/std@0.97.0/path/_util.ts": "2e06a3b9e79beaf62687196bd4b60a4c391d862cfa007a20fc3a39f778ba073b",
    "https://deno.land/std@0.97.0/path/common.ts": "eaf03d08b569e8a87e674e4e265e099f237472b6fd135b3cbeae5827035ea14a",
    "https://deno.land/std@0.97.0/path/glob.ts": "314ad9ff263b895795208cdd4d5e35a44618ca3c6dd155e226fb15d065008652",
    "https://deno.land/std@0.97.0/path/mod.ts": "4465dc494f271b02569edbb4a18d727063b5dbd6ed84283ff906260970a15d12",
    "https://deno.land/std@0.97.0/path/posix.ts": "f56c3c99feb47f30a40ce9d252ef6f00296fa7c0fcb6dd81211bdb3b8b99ca3b",
    "https://deno.land/std@0.97.0/path/separator.ts": "8fdcf289b1b76fd726a508f57d3370ca029ae6976fcde5044007f062e643ff1c",
    "https://deno.land/std@0.97.0/path/win32.ts": "77f7b3604e0de40f3a7c698e8a79e7f601dc187035a1c21cb1e596666ce112f8",
    "https://deno.land/x/cache@0.2.13/deps.ts": "6f14e76a1a09f329e3f3830c6e72bd10b53a89a75769d5ea886e5d8603e503e6",
    "https://deno.land/x/cache@0.2.13/directories.ts": "ef48531cab3f827252e248596d15cede0de179a2fb15392ae24cf8034519994f",
    "https://deno.land/x/dwm@0.3.6/mod.ts": "8a8ca602442d250eaa7cef67c14245a41aa7dc8de2fa337008e433a2ed1fe2f1",
    "https://deno.land/x/dwm@0.3.6/src/core/common.ts": "dd4cd26f45fca187c5a6192bfb7b3b4a01a23c66dddf64e19e013de7748f988d",
    "https://deno.land/x/dwm@0.3.6/src/core/event.ts": "35a3b067cbbbe190973004d52b1919b66fb4ecf9ef17ec575fb4301321f75bad",
    "https://deno.land/x/dwm@0.3.6/src/core/mod.ts": "e2d83be865a55195fc8ffd8664478c10a8b2a7703fa8210c522ff8e42f7adf2a",
    "https://deno.land/x/dwm@0.3.6/src/core/monitor.ts": "b291ebad386095285fb7c430990be0a9f1f5f81fbcb338058ce72a538a75d667",
    "https://deno.land/x/dwm@0.3.6/src/core/platform.ts": "6cab5f575198848673204673fe82d242c9c87549c16cbed9a64c838eb99dd2d4",
    "https://deno.land/x/dwm@0.3.6/src/core/window.ts": "8921ff8d8d80123de50f3042965261a008715c8c953c8996c33cdccebfbbf8c4",
    "https://deno.land/x/dwm@0.3.6/src/platform/glfw/constants.ts": "832295fa6a4bd66aea638bd09ad2cc48b3756daff814c7c0ae2a544f228be9e5",
    "https://deno.land/x/dwm@0.3.6/src/platform/glfw/ffi.ts": "dede92ab1fdf1955eb8e5012f2d0d925879a712439c044a9e8f9f9205cb4e4f4",
    "https://deno.land/x/dwm@0.3.6/src/platform/glfw/monitor.ts": "05506c5d21c527a6ea456d24e00f88a01a9292a68f45a845499137ecb6fb80c7",
    "https://deno.land/x/dwm@0.3.6/src/platform/glfw/platform.ts": "cca2684151f34be392e74a9828f89f8c3ed46db25e59aec1f638b4ccf82535e9",
    "https://deno.land/x/dwm@0.3.6/src/platform/glfw/scancode_win.json": "711ee525f88fe92129acd7d66fd6a5665b68ce6a60f590ae24de67e1ee916b8f",
    "https://deno.land/x/dwm@0.3.6/src/platform/glfw/window.ts": "1659408a3b0d4e08736f01e17fb345b9341c55ac5c05287f1d42c60e9727841d",
    "https://deno.land/x/dwm@0.3.6/src/platform/mod.ts": "20572d937c62ec543e0ca87cf8ed32cd15505d254f97a6fae98b936e480f2157",
    "https://glfw-binaries.deno.dev/3.4.0-patch3/glfw3_darwin.js": "24a2ca2c0411c936455cc94541eee4d5189bcfad40ced6aa990500f60cac5566",
    "https://glfw-binaries.deno.dev/3.4.0-patch3/glfw3_darwin_aarch64.js": "0b61def6f669ee4262929649b14a46687a724615bfbd6916b6ee06321931b403",
    "https://glfw-binaries.deno.dev/3.4.0-patch3/glfw3_linux.js": "d76eb1ca34a88ee52c1426d0d58e9fcf284e717144f47d9d5ada988e96076b35",
    "https://glfw-binaries.deno.dev/3.4.0-patch3/glfw3_windows.js": "b064f7873744ba2d1fdbacc4c605a5a9477b612d5ea8e4391cb622a775315824"
  },
  "workspace": {
    "packageJson": {
      "dependencies": [
        "npm:@types/lodash@^4.17.4",
        "npm:@types/react-dom@^18.2.22",
        "npm:@types/react@^18.2.66",
        "npm:@typescript-eslint/eslint-plugin@^7.2.0",
        "npm:@typescript-eslint/parser@^7.2.0",
        "npm:@vitejs/plugin-react-swc@^3.5.0",
        "npm:eslint-plugin-react-hooks@^4.6.0",
        "npm:eslint-plugin-react-refresh@^0.4.6",
        "npm:eslint@^8.57.0",
        "npm:lodash@^4.17.21",
        "npm:react-dom@^18.2.0",
        "npm:react@^18.2.0",
        "npm:typescript@^5.2.2",
        "npm:vite-plugin-static-copy@^1.0.6",
        "npm:vite-plugin-wasm@^3.3.0",
        "npm:vite@^5.2.0"
      ]
    }
  }
}
